// !$*UTF8*$!
{
	archiveVersion = 1;
	classes = {
	};
	objectVersion = 46;
	objects = {

/* Begin PBXBuildFile section */
		2DBA132EED669CEA1A84ED1D /* LaunchScreen.storyboard in Resources */ = {isa = PBXBuildFile; fileRef = 2DBA1E8AD9B7E71D03A34168 /* LaunchScreen.storyboard */; };
		2DBA134BF025AE6AA757D3F8 /* Assets.xcassets in Resources */ = {isa = PBXBuildFile; fileRef = 2DBA1698B59E0738D23DCEA5 /* Assets.xcassets */; };
		2DBA178C7B7CB33A7A13D968 /* ApplicationAssembly.swift in Sources */ = {isa = PBXBuildFile; fileRef = 2DBA18989AE236338754C700 /* ApplicationAssembly.swift */; };
		2DBA19B4571E91DCA531EB53 /* StartViewController.swift in Sources */ = {isa = PBXBuildFile; fileRef = 2DBA10E41164E5A2CD20D385 /* StartViewController.swift */; };
		2DBA1CFE1F60CB399B73552F /* RootWireframe.swift in Sources */ = {isa = PBXBuildFile; fileRef = 2DBA12C1D4E73B4F9E3CCA4B /* RootWireframe.swift */; };
		2DBA1FF0852A431B8565B829 /* StartWireframe.swift in Sources */ = {isa = PBXBuildFile; fileRef = 2DBA17579CD7B204A0F4FB60 /* StartWireframe.swift */; };
		84C1D1CA1C4D11FE003F97BF /* AppDelegate.swift in Sources */ = {isa = PBXBuildFile; fileRef = 84C1D1C91C4D11FE003F97BF /* AppDelegate.swift */; };
		90B1CF71BF3F7A68E5B1B530 /* Pods_VIPER_Swift_example.framework in Frameworks */ = {isa = PBXBuildFile; fileRef = 483ED8B96B78B00B5E9B417F /* Pods_VIPER_Swift_example.framework */; };
/* End PBXBuildFile section */

/* Begin PBXFileReference section */
		2DBA10E41164E5A2CD20D385 /* StartViewController.swift */ = {isa = PBXFileReference; fileEncoding = 4; lastKnownFileType = sourcecode.swift; path = StartViewController.swift; sourceTree = "<group>"; };
		2DBA12C1D4E73B4F9E3CCA4B /* RootWireframe.swift */ = {isa = PBXFileReference; fileEncoding = 4; lastKnownFileType = sourcecode.swift; path = RootWireframe.swift; sourceTree = "<group>"; };
		2DBA13EE0C2E0186C1FE9020 /* Info.plist */ = {isa = PBXFileReference; fileEncoding = 4; lastKnownFileType = text.plist.info; path = Info.plist; sourceTree = "<group>"; };
		2DBA14CB3EF8CA710CDBD78F /* README.md */ = {isa = PBXFileReference; fileEncoding = 4; lastKnownFileType = net.daringfireball.markdown; path = README.md; sourceTree = "<group>"; };
		2DBA16241FCCBC1F6A28E995 /* Base */ = {isa = PBXFileReference; lastKnownFileType = file.storyboard; name = Base; path = Base.lproj/LaunchScreen.storyboard; sourceTree = "<group>"; };
		2DBA1636B7D44757860819D5 /* BridgingHeader.h */ = {isa = PBXFileReference; fileEncoding = 4; lastKnownFileType = sourcecode.c.h; path = BridgingHeader.h; sourceTree = "<group>"; };
		2DBA1698B59E0738D23DCEA5 /* Assets.xcassets */ = {isa = PBXFileReference; lastKnownFileType = folder.assetcatalog; path = Assets.xcassets; sourceTree = "<group>"; };
		2DBA17579CD7B204A0F4FB60 /* StartWireframe.swift */ = {isa = PBXFileReference; fileEncoding = 4; lastKnownFileType = sourcecode.swift; path = StartWireframe.swift; sourceTree = "<group>"; };
		2DBA18989AE236338754C700 /* ApplicationAssembly.swift */ = {isa = PBXFileReference; fileEncoding = 4; lastKnownFileType = sourcecode.swift; path = ApplicationAssembly.swift; sourceTree = "<group>"; };
		483ED8B96B78B00B5E9B417F /* Pods_VIPER_Swift_example.framework */ = {isa = PBXFileReference; explicitFileType = wrapper.framework; includeInIndex = 0; path = Pods_VIPER_Swift_example.framework; sourceTree = BUILT_PRODUCTS_DIR; };
		4E745BA2C09DD0A83B13F7EF /* Pods-VIPER-Swift-example.debug.xcconfig */ = {isa = PBXFileReference; includeInIndex = 1; lastKnownFileType = text.xcconfig; name = "Pods-VIPER-Swift-example.debug.xcconfig"; path = "Pods/Target Support Files/Pods-VIPER-Swift-example/Pods-VIPER-Swift-example.debug.xcconfig"; sourceTree = "<group>"; };
		6CF2EA780D2DE37E19A8BCFD /* Pods-VIPER-Swift-example.release.xcconfig */ = {isa = PBXFileReference; includeInIndex = 1; lastKnownFileType = text.xcconfig; name = "Pods-VIPER-Swift-example.release.xcconfig"; path = "Pods/Target Support Files/Pods-VIPER-Swift-example/Pods-VIPER-Swift-example.release.xcconfig"; sourceTree = "<group>"; };
		84C1D1C61C4D11FE003F97BF /* VIPER-Swift-example.app */ = {isa = PBXFileReference; explicitFileType = wrapper.application; includeInIndex = 0; path = "VIPER-Swift-example.app"; sourceTree = BUILT_PRODUCTS_DIR; };
		84C1D1C91C4D11FE003F97BF /* AppDelegate.swift */ = {isa = PBXFileReference; lastKnownFileType = sourcecode.swift; path = AppDelegate.swift; sourceTree = "<group>"; };
/* End PBXFileReference section */

/* Begin PBXFrameworksBuildPhase section */
		84C1D1C31C4D11FE003F97BF /* Frameworks */ = {
			isa = PBXFrameworksBuildPhase;
			buildActionMask = 2147483647;
			files = (
				90B1CF71BF3F7A68E5B1B530 /* Pods_VIPER_Swift_example.framework in Frameworks */,
			);
			runOnlyForDeploymentPostprocessing = 0;
		};
/* End PBXFrameworksBuildPhase section */

/* Begin PBXGroup section */
		2DBA13030A326FFA525C6638 /* View */ = {
			isa = PBXGroup;
			children = (
				2DBA10E41164E5A2CD20D385 /* StartViewController.swift */,
			);
			path = View;
			sourceTree = "<group>";
		};
		2DBA147D82203E5C5EB8F545 /* Assembly */ = {
			isa = PBXGroup;
			children = (
				2DBA18989AE236338754C700 /* ApplicationAssembly.swift */,
			);
			path = Assembly;
			sourceTree = "<group>";
		};
		2DBA15CAA6343A01070F04FB /* Modules */ = {
			isa = PBXGroup;
			children = (
				2DBA19BFC3224C6DB58E887F /* Start */,
			);
			path = Modules;
			sourceTree = "<group>";
		};
		2DBA171BDE8166E8E23B5DFC /* Resources */ = {
			isa = PBXGroup;
			children = (
				2DBA1698B59E0738D23DCEA5 /* Assets.xcassets */,
				2DBA1636B7D44757860819D5 /* BridgingHeader.h */,
				2DBA13EE0C2E0186C1FE9020 /* Info.plist */,
				2DBA1E8AD9B7E71D03A34168 /* LaunchScreen.storyboard */,
			);
			path = Resources;
			sourceTree = "<group>";
		};
		2DBA1830F04C7F84B0E379DE /* Presenter */ = {
			isa = PBXGroup;
			children = (
			);
			path = Presenter;
			sourceTree = "<group>";
		};
		2DBA1838D1DC4CA65AD08A07 /* Wireframe */ = {
			isa = PBXGroup;
			children = (
				2DBA17579CD7B204A0F4FB60 /* StartWireframe.swift */,
			);
			path = Wireframe;
			sourceTree = "<group>";
		};
		2DBA195EFB92BDC387F079D9 /* Manager */ = {
			isa = PBXGroup;
			children = (
			);
			path = Manager;
			sourceTree = "<group>";
		};
		2DBA19A0BD736FD89D035D79 /* Wireframe */ = {
			isa = PBXGroup;
			children = (
				2DBA12C1D4E73B4F9E3CCA4B /* RootWireframe.swift */,
			);
			path = Wireframe;
			sourceTree = "<group>";
		};
		2DBA19BFC3224C6DB58E887F /* Start */ = {
			isa = PBXGroup;
			children = (
				2DBA1FA210175607B854653A /* ApplicationLogic */,
				2DBA1C0B2BA895EDEB1490FC /* ModuleInterface */,
				2DBA1D28B2D2CD39951A4337 /* UserInterface */,
			);
			path = Start;
			sourceTree = "<group>";
		};
		2DBA1B0F78152DADF20E0EC5 /* Common */ = {
			isa = PBXGroup;
			children = (
				2DBA19A0BD736FD89D035D79 /* Wireframe */,
			);
			path = Common;
			sourceTree = "<group>";
		};
		2DBA1C0B2BA895EDEB1490FC /* ModuleInterface */ = {
			isa = PBXGroup;
			children = (
			);
			path = ModuleInterface;
			sourceTree = "<group>";
		};
		2DBA1D28B2D2CD39951A4337 /* UserInterface */ = {
			isa = PBXGroup;
			children = (
				2DBA1830F04C7F84B0E379DE /* Presenter */,
				2DBA13030A326FFA525C6638 /* View */,
				2DBA1838D1DC4CA65AD08A07 /* Wireframe */,
			);
			path = UserInterface;
			sourceTree = "<group>";
		};
		2DBA1F0B8C2EA417EC650D8B /* Interactor */ = {
			isa = PBXGroup;
			children = (
			);
			path = Interactor;
			sourceTree = "<group>";
		};
		2DBA1FA210175607B854653A /* ApplicationLogic */ = {
			isa = PBXGroup;
			children = (
				2DBA1F0B8C2EA417EC650D8B /* Interactor */,
				2DBA195EFB92BDC387F079D9 /* Manager */,
			);
			path = ApplicationLogic;
			sourceTree = "<group>";
		};
		7A8CDDCCCCE77535CC9F7B26 /* Pods */ = {
			isa = PBXGroup;
			children = (
				4E745BA2C09DD0A83B13F7EF /* Pods-VIPER-Swift-example.debug.xcconfig */,
				6CF2EA780D2DE37E19A8BCFD /* Pods-VIPER-Swift-example.release.xcconfig */,
			);
			name = Pods;
			sourceTree = "<group>";
		};
		84C1D1BD1C4D11FE003F97BF = {
			isa = PBXGroup;
			children = (
				84C1D1C81C4D11FE003F97BF /* VIPER-Swift-example */,
				84C1D1C71C4D11FE003F97BF /* Products */,
				7A8CDDCCCCE77535CC9F7B26 /* Pods */,
				EF4742DA2D6AEBBE7B88A293 /* Frameworks */,
				2DBA14CB3EF8CA710CDBD78F /* README.md */,
			);
			sourceTree = "<group>";
		};
		84C1D1C71C4D11FE003F97BF /* Products */ = {
			isa = PBXGroup;
			children = (
				84C1D1C61C4D11FE003F97BF /* VIPER-Swift-example.app */,
			);
			name = Products;
			sourceTree = "<group>";
		};
		84C1D1C81C4D11FE003F97BF /* VIPER-Swift-example */ = {
			isa = PBXGroup;
			children = (
				84C1D1C91C4D11FE003F97BF /* AppDelegate.swift */,
				2DBA147D82203E5C5EB8F545 /* Assembly */,
				2DBA171BDE8166E8E23B5DFC /* Resources */,
				2DBA15CAA6343A01070F04FB /* Modules */,
				2DBA1B0F78152DADF20E0EC5 /* Common */,
			);
			path = "VIPER-Swift-example";
			sourceTree = "<group>";
		};
		EF4742DA2D6AEBBE7B88A293 /* Frameworks */ = {
			isa = PBXGroup;
			children = (
				483ED8B96B78B00B5E9B417F /* Pods_VIPER_Swift_example.framework */,
			);
			name = Frameworks;
			sourceTree = "<group>";
		};
/* End PBXGroup section */

/* Begin PBXNativeTarget section */
		84C1D1C51C4D11FE003F97BF /* VIPER-Swift-example */ = {
			isa = PBXNativeTarget;
			buildConfigurationList = 84C1D1D81C4D11FE003F97BF /* Build configuration list for PBXNativeTarget "VIPER-Swift-example" */;
			buildPhases = (
				3F9575C1D581BC6815690026 /* Check Pods Manifest.lock */,
				84C1D1C21C4D11FE003F97BF /* Sources */,
				84C1D1C31C4D11FE003F97BF /* Frameworks */,
				84C1D1C41C4D11FE003F97BF /* Resources */,
				73F527007F273F3A50B1FF2F /* Embed Pods Frameworks */,
				89023334A6CB6537AFA714B8 /* Copy Pods Resources */,
			);
			buildRules = (
			);
			dependencies = (
			);
			name = "VIPER-Swift-example";
			productName = "VIPER-Swift-example";
			productReference = 84C1D1C61C4D11FE003F97BF /* VIPER-Swift-example.app */;
			productType = "com.apple.product-type.application";
		};
/* End PBXNativeTarget section */

/* Begin PBXProject section */
		84C1D1BE1C4D11FE003F97BF /* Project object */ = {
			isa = PBXProject;
			attributes = {
				LastSwiftUpdateCheck = 0720;
				LastUpgradeCheck = 0720;
				ORGANIZATIONNAME = handh;
				TargetAttributes = {
					84C1D1C51C4D11FE003F97BF = {
						CreatedOnToolsVersion = 7.2;
					};
				};
			};
			buildConfigurationList = 84C1D1C11C4D11FE003F97BF /* Build configuration list for PBXProject "VIPER-Swift-example" */;
			compatibilityVersion = "Xcode 3.2";
			developmentRegion = English;
			hasScannedForEncodings = 0;
			knownRegions = (
				en,
				Base,
			);
			mainGroup = 84C1D1BD1C4D11FE003F97BF;
			productRefGroup = 84C1D1C71C4D11FE003F97BF /* Products */;
			projectDirPath = "";
			projectRoot = "";
			targets = (
				84C1D1C51C4D11FE003F97BF /* VIPER-Swift-example */,
			);
		};
/* End PBXProject section */

/* Begin PBXResourcesBuildPhase section */
		84C1D1C41C4D11FE003F97BF /* Resources */ = {
			isa = PBXResourcesBuildPhase;
			buildActionMask = 2147483647;
			files = (
				2DBA134BF025AE6AA757D3F8 /* Assets.xcassets in Resources */,
				2DBA132EED669CEA1A84ED1D /* LaunchScreen.storyboard in Resources */,
			);
			runOnlyForDeploymentPostprocessing = 0;
		};
/* End PBXResourcesBuildPhase section */

/* Begin PBXShellScriptBuildPhase section */
		3F9575C1D581BC6815690026 /* Check Pods Manifest.lock */ = {
			isa = PBXShellScriptBuildPhase;
			buildActionMask = 2147483647;
			files = (
			);
			inputPaths = (
			);
			name = "Check Pods Manifest.lock";
			outputPaths = (
			);
			runOnlyForDeploymentPostprocessing = 0;
			shellPath = /bin/sh;
			shellScript = "diff \"${PODS_ROOT}/../Podfile.lock\" \"${PODS_ROOT}/Manifest.lock\" > /dev/null\nif [[ $? != 0 ]] ; then\n    cat << EOM\nerror: The sandbox is not in sync with the Podfile.lock. Run 'pod install' or update your CocoaPods installation.\nEOM\n    exit 1\nfi\n";
			showEnvVarsInLog = 0;
		};
		73F527007F273F3A50B1FF2F /* Embed Pods Frameworks */ = {
			isa = PBXShellScriptBuildPhase;
			buildActionMask = 2147483647;
			files = (
			);
			inputPaths = (
			);
			name = "Embed Pods Frameworks";
			outputPaths = (
			);
			runOnlyForDeploymentPostprocessing = 0;
			shellPath = /bin/sh;
			shellScript = "\"${SRCROOT}/Pods/Target Support Files/Pods-VIPER-Swift-example/Pods-VIPER-Swift-example-frameworks.sh\"\n";
			showEnvVarsInLog = 0;
		};
		89023334A6CB6537AFA714B8 /* Copy Pods Resources */ = {
			isa = PBXShellScriptBuildPhase;
			buildActionMask = 2147483647;
			files = (
			);
			inputPaths = (
			);
			name = "Copy Pods Resources";
			outputPaths = (
			);
			runOnlyForDeploymentPostprocessing = 0;
			shellPath = /bin/sh;
			shellScript = "\"${SRCROOT}/Pods/Target Support Files/Pods-VIPER-Swift-example/Pods-VIPER-Swift-example-resources.sh\"\n";
			showEnvVarsInLog = 0;
		};
/* End PBXShellScriptBuildPhase section */

/* Begin PBXSourcesBuildPhase section */
		84C1D1C21C4D11FE003F97BF /* Sources */ = {
			isa = PBXSourcesBuildPhase;
			buildActionMask = 2147483647;
			files = (
				84C1D1CA1C4D11FE003F97BF /* AppDelegate.swift in Sources */,
				2DBA178C7B7CB33A7A13D968 /* ApplicationAssembly.swift in Sources */,
				2DBA19B4571E91DCA531EB53 /* StartViewController.swift in Sources */,
				2DBA1FF0852A431B8565B829 /* StartWireframe.swift in Sources */,
				2DBA1CFE1F60CB399B73552F /* RootWireframe.swift in Sources */,
			);
			runOnlyForDeploymentPostprocessing = 0;
		};
/* End PBXSourcesBuildPhase section */

/* Begin PBXVariantGroup section */
		2DBA1E8AD9B7E71D03A34168 /* LaunchScreen.storyboard */ = {
			isa = PBXVariantGroup;
			children = (
				2DBA16241FCCBC1F6A28E995 /* Base */,
			);
			name = LaunchScreen.storyboard;
			sourceTree = "<group>";
		};
/* End PBXVariantGroup section */

/* Begin XCBuildConfiguration section */
		84C1D1D61C4D11FE003F97BF /* Debug */ = {
			isa = XCBuildConfiguration;
			buildSettings = {
				ALWAYS_SEARCH_USER_PATHS = NO;
				CLANG_CXX_LANGUAGE_STANDARD = "gnu++0x";
				CLANG_CXX_LIBRARY = "libc++";
				CLANG_ENABLE_MODULES = YES;
				CLANG_ENABLE_OBJC_ARC = YES;
				CLANG_WARN_BOOL_CONVERSION = YES;
				CLANG_WARN_CONSTANT_CONVERSION = YES;
				CLANG_WARN_DIRECT_OBJC_ISA_USAGE = YES_ERROR;
				CLANG_WARN_EMPTY_BODY = YES;
				CLANG_WARN_ENUM_CONVERSION = YES;
				CLANG_WARN_INT_CONVERSION = YES;
				CLANG_WARN_OBJC_ROOT_CLASS = YES_ERROR;
				CLANG_WARN_UNREACHABLE_CODE = YES;
				CLANG_WARN__DUPLICATE_METHOD_MATCH = YES;
				"CODE_SIGN_IDENTITY[sdk=iphoneos*]" = "iPhone Developer";
				COPY_PHASE_STRIP = NO;
				DEBUG_INFORMATION_FORMAT = dwarf;
				ENABLE_STRICT_OBJC_MSGSEND = YES;
				ENABLE_TESTABILITY = YES;
				GCC_C_LANGUAGE_STANDARD = gnu99;
				GCC_DYNAMIC_NO_PIC = NO;
				GCC_NO_COMMON_BLOCKS = YES;
				GCC_OPTIMIZATION_LEVEL = 0;
				GCC_PREPROCESSOR_DEFINITIONS = (
					"DEBUG=1",
					"$(inherited)",
				);
				GCC_WARN_64_TO_32_BIT_CONVERSION = YES;
				GCC_WARN_ABOUT_RETURN_TYPE = YES_ERROR;
				GCC_WARN_UNDECLARED_SELECTOR = YES;
				GCC_WARN_UNINITIALIZED_AUTOS = YES_AGGRESSIVE;
				GCC_WARN_UNUSED_FUNCTION = YES;
				GCC_WARN_UNUSED_VARIABLE = YES;
				IPHONEOS_DEPLOYMENT_TARGET = 8.0;
				MTL_ENABLE_DEBUG_INFO = YES;
				ONLY_ACTIVE_ARCH = YES;
				SDKROOT = iphoneos;
				SWIFT_OBJC_BRIDGING_HEADER = "VIPER-Swift-example/Resources/BridgingHeader.h";
				SWIFT_OPTIMIZATION_LEVEL = "-Onone";
			};
			name = Debug;
		};
		84C1D1D71C4D11FE003F97BF /* Release */ = {
			isa = XCBuildConfiguration;
			buildSettings = {
				ALWAYS_SEARCH_USER_PATHS = NO;
				CLANG_CXX_LANGUAGE_STANDARD = "gnu++0x";
				CLANG_CXX_LIBRARY = "libc++";
				CLANG_ENABLE_MODULES = YES;
				CLANG_ENABLE_OBJC_ARC = YES;
				CLANG_WARN_BOOL_CONVERSION = YES;
				CLANG_WARN_CONSTANT_CONVERSION = YES;
				CLANG_WARN_DIRECT_OBJC_ISA_USAGE = YES_ERROR;
				CLANG_WARN_EMPTY_BODY = YES;
				CLANG_WARN_ENUM_CONVERSION = YES;
				CLANG_WARN_INT_CONVERSION = YES;
				CLANG_WARN_OBJC_ROOT_CLASS = YES_ERROR;
				CLANG_WARN_UNREACHABLE_CODE = YES;
				CLANG_WARN__DUPLICATE_METHOD_MATCH = YES;
				"CODE_SIGN_IDENTITY[sdk=iphoneos*]" = "iPhone Developer";
				COPY_PHASE_STRIP = NO;
				DEBUG_INFORMATION_FORMAT = "dwarf-with-dsym";
				ENABLE_NS_ASSERTIONS = NO;
				ENABLE_STRICT_OBJC_MSGSEND = YES;
				GCC_C_LANGUAGE_STANDARD = gnu99;
				GCC_NO_COMMON_BLOCKS = YES;
				GCC_WARN_64_TO_32_BIT_CONVERSION = YES;
				GCC_WARN_ABOUT_RETURN_TYPE = YES_ERROR;
				GCC_WARN_UNDECLARED_SELECTOR = YES;
				GCC_WARN_UNINITIALIZED_AUTOS = YES_AGGRESSIVE;
				GCC_WARN_UNUSED_FUNCTION = YES;
				GCC_WARN_UNUSED_VARIABLE = YES;
				IPHONEOS_DEPLOYMENT_TARGET = 8.0;
				MTL_ENABLE_DEBUG_INFO = NO;
				SDKROOT = iphoneos;
				SWIFT_OBJC_BRIDGING_HEADER = "VIPER-Swift-example/Resources/BridgingHeader.h";
				VALIDATE_PRODUCT = YES;
			};
			name = Release;
		};
		84C1D1D91C4D11FE003F97BF /* Debug */ = {
			isa = XCBuildConfiguration;
			baseConfigurationReference = 4E745BA2C09DD0A83B13F7EF /* Pods-VIPER-Swift-example.debug.xcconfig */;
			buildSettings = {
				ASSETCATALOG_COMPILER_APPICON_NAME = AppIcon;
				INFOPLIST_FILE = "VIPER-Swift-example/Resources/Info.plist";
				LD_RUNPATH_SEARCH_PATHS = "$(inherited) @executable_path/Frameworks";
				PRODUCT_BUNDLE_IDENTIFIER = "ru.handh.VIPER-Swift-example";
				PRODUCT_NAME = "$(TARGET_NAME)";
				SWIFT_OBJC_BRIDGING_HEADER = "";
			};
			name = Debug;
		};
		84C1D1DA1C4D11FE003F97BF /* Release */ = {
			isa = XCBuildConfiguration;
			baseConfigurationReference = 6CF2EA780D2DE37E19A8BCFD /* Pods-VIPER-Swift-example.release.xcconfig */;
			buildSettings = {
				ASSETCATALOG_COMPILER_APPICON_NAME = AppIcon;
				INFOPLIST_FILE = "VIPER-Swift-example/Resources/Info.plist";
				LD_RUNPATH_SEARCH_PATHS = "$(inherited) @executable_path/Frameworks";
				PRODUCT_BUNDLE_IDENTIFIER = "ru.handh.VIPER-Swift-example";
				PRODUCT_NAME = "$(TARGET_NAME)";
				SWIFT_OBJC_BRIDGING_HEADER = "";
			};
			name = Release;
		};
/* End XCBuildConfiguration section */

/* Begin XCConfigurationList section */
		84C1D1C11C4D11FE003F97BF /* Build configuration list for PBXProject "VIPER-Swift-example" */ = {
			isa = XCConfigurationList;
			buildConfigurations = (
				84C1D1D61C4D11FE003F97BF /* Debug */,
				84C1D1D71C4D11FE003F97BF /* Release */,
			);
			defaultConfigurationIsVisible = 0;
			defaultConfigurationName = Release;
		};
		84C1D1D81C4D11FE003F97BF /* Build configuration list for PBXNativeTarget "VIPER-Swift-example" */ = {
			isa = XCConfigurationList;
			buildConfigurations = (
				84C1D1D91C4D11FE003F97BF /* Debug */,
				84C1D1DA1C4D11FE003F97BF /* Release */,
			);
			defaultConfigurationIsVisible = 0;
			defaultConfigurationName = Release;
		};
/* End XCConfigurationList section */
	};
	rootObject = 84C1D1BE1C4D11FE003F97BF /* Project object */;
}
